
Microsoft Visual Studio Solution File, Format Version 12.00
# Visual Studio Version 17
VisualStudioVersion = 17.1.32319.34
MinimumVisualStudioVersion = 10.0.40219.1
Project("{9A19103F-16F7-4668-BE54-9A1E7A4F7556}") = "TransformExtChar", "TransformExtChar.csproj", "{BB34D409-8DD7-4ECA-AF38-1AB6C9C57979}"
EndProject
Global
	GlobalSection(SolutionConfigurationPlatforms) = preSolution
		Debug|Any CPU = Debug|Any CPU
		Release|Any CPU = Release|Any CPU
	EndGlobalSection
	GlobalSection(ProjectConfigurationPlatforms) = postSolution
		{BB34D409-8DD7-4ECA-AF38-1AB6C9C57979}.Debug|Any CPU.ActiveCfg = Debug|Any CPU
		{BB34D409-8DD7-4ECA-AF38-1AB6C9C57979}.Debug|Any CPU.Build.0 = Debug|Any CPU
		{BB34D409-8DD7-4ECA-AF38-1AB6C9C57979}.Release|Any CPU.ActiveCfg = Release|Any CPU
		{BB34D409-8DD7-4ECA-AF38-1AB6C9C57979}.Release|Any CPU.Build.0 = Release|Any CPU
	EndGlobalSection
	GlobalSection(SolutionProperties) = preSolution
		HideSolutionNode = FALSE
	EndGlobalSection
	GlobalSection(ExtensibilityGlobals) = postSolution
		SolutionGuid = {DBEF423C-99C6-4207-9AF7-356E1C3EC558}
	EndGlobalSection
EndGlobal
